// !$*UTF8*$!
{
	archiveVersion = 1;
	classes = {
	};
	objectVersion = 77;
	objects = {

/* Begin PBXBuildFile section */
		0045D77F672837C7EB867DCD /* LoadingOverlay.swift in Sources */ = {isa = PBXBuildFile; fileRef = E300B592230982F789C58A70 /* LoadingOverlay.swift */; };
		2880E8E44E89508977E87AB6 /* PDFCacheManagerTests.swift in Sources */ = {isa = PBXBuildFile; fileRef = 19FED941188153A73CAC30B0 /* PDFCacheManagerTests.swift */; };
		2F32DE1DEE3EBD88C489F256 /* SettingsView.swift in Sources */ = {isa = PBXBuildFile; fileRef = 34C68DD653BC3375B422B346 /* SettingsView.swift */; };
		30883E37FB3E33C2933F890A /* LLMProviderModel.swift in Sources */ = {isa = PBXBuildFile; fileRef = 1202F6C0DA2AF3709AF0DD94 /* LLMProviderModel.swift */; };
		345058AB883979BB97FFFA70 /* AppTheme.swift in Sources */ = {isa = PBXBuildFile; fileRef = 5C5A0127C6BDA9497E15A6F8 /* AppTheme.swift */; };
		499A1836D74B4E2FA933D459 /* PDFReaderView.swift in Sources */ = {isa = PBXBuildFile; fileRef = CF895D45FF18A790E8FF1406 /* PDFReaderView.swift */; };
		5670BBB69D23441D20160876 /* ArxivLearnerApp.swift in Sources */ = {isa = PBXBuildFile; fileRef = 0FD88F2EFC9C4767773D18BB /* ArxivLearnerApp.swift */; };
		63CE71A52F6BF3635A76D1A0 /* Doc2xService.swift in Sources */ = {isa = PBXBuildFile; fileRef = 2F991C00607B68FE3B3A960D /* Doc2xService.swift */; };
		66A7923F6F6649C5B29F7662 /* CardFlipModifier.swift in Sources */ = {isa = PBXBuildFile; fileRef = DA733BCE76DA06A829CC3012 /* CardFlipModifier.swift */; };
		671217A87953178E843688B7 /* LLMServiceTests.swift in Sources */ = {isa = PBXBuildFile; fileRef = 890AAC23C58C1EE2847A173D /* LLMServiceTests.swift */; };
		6B9D3BB8F853C6D2A9D097B6 /* ArxivAPIService.swift in Sources */ = {isa = PBXBuildFile; fileRef = 685CC9CF7E58BB5B15D349F8 /* ArxivAPIService.swift */; };
		75BCB896E0610DABEA1C1366 /* Paper.swift in Sources */ = {isa = PBXBuildFile; fileRef = DBE388DA11A599100D862F64 /* Paper.swift */; };
		85D5F9AB54CC6C8C84D3A7FD /* SearchView.swift in Sources */ = {isa = PBXBuildFile; fileRef = B8820DABF365916A5A823923 /* SearchView.swift */; };
		86F98131EF4E337D0A95918C /* KeychainService.swift in Sources */ = {isa = PBXBuildFile; fileRef = A00617EAC1306F4C93463620 /* KeychainService.swift */; };
		900B8095BD5B3C9A72CA7FA0 /* ContextBuilder.swift in Sources */ = {isa = PBXBuildFile; fileRef = 6083847B99CF1763459FF65C /* ContextBuilder.swift */; };
		9423E66A3C9ECF2D082680E6 /* ArxivLearnerTests.swift in Sources */ = {isa = PBXBuildFile; fileRef = 2A97E9FC37C75CE290440866 /* ArxivLearnerTests.swift */; };
		94A94E4F003DB784B80E2624 /* LibraryView.swift in Sources */ = {isa = PBXBuildFile; fileRef = F96CBEDBA7E54BC872FB15D6 /* LibraryView.swift */; };
		957D09AEB6AAFE42C5E76D7C /* LibraryViewModel.swift in Sources */ = {isa = PBXBuildFile; fileRef = 065F2DF56DA3E527C8566CF8 /* LibraryViewModel.swift */; };
		977506AB538FC768339AA086 /* ChatMessage.swift in Sources */ = {isa = PBXBuildFile; fileRef = D76E7E134A182398D8F91FA8 /* ChatMessage.swift */; };
		9836575E15B860EE2633E542 /* OpenAICompatibleService.swift in Sources */ = {isa = PBXBuildFile; fileRef = 8E7A30C5140A541FE244A43E /* OpenAICompatibleService.swift */; };
		A71112C70AAE1FCDC414CB1F /* SearchViewModelTests.swift in Sources */ = {isa = PBXBuildFile; fileRef = 70F5F61ECAB392F1CD876A2C /* SearchViewModelTests.swift */; };
		A949BD01878E68267EC542A8 /* PDFReaderViewModel.swift in Sources */ = {isa = PBXBuildFile; fileRef = E1F5D074FB0A65580A81A1BE /* PDFReaderViewModel.swift */; };
		AD2E48ADE2DFDA412FBDC69C /* InsightViewModel.swift in Sources */ = {isa = PBXBuildFile; fileRef = 66188D4A9D504A4E9F2699C0 /* InsightViewModel.swift */; };
		B0DEC8E58CB8758FFC670229 /* PaperTests.swift in Sources */ = {isa = PBXBuildFile; fileRef = 98CD81EDE35ACD7EE719630C /* PaperTests.swift */; };
		B1827F65B42608DB6FA09D72 /* TagChip.swift in Sources */ = {isa = PBXBuildFile; fileRef = 5DF410C017076FFDE8F3BB46 /* TagChip.swift */; };
		B731D3613C7FF043B89F4CBB /* ContentView.swift in Sources */ = {isa = PBXBuildFile; fileRef = 4D1B4501513B94D6D992AD66 /* ContentView.swift */; };
		BA43F6F823E6764AEE722F20 /* PDFCacheManager.swift in Sources */ = {isa = PBXBuildFile; fileRef = 7BBEAD1204DE789C8322F491 /* PDFCacheManager.swift */; };
		BCF4772E1D292C0AC68C33F2 /* KeychainServiceTests.swift in Sources */ = {isa = PBXBuildFile; fileRef = CEC1318E0FB574F61E842384 /* KeychainServiceTests.swift */; };
		E20A273F64F525CF82F3CB7E /* LLMServiceProtocol.swift in Sources */ = {isa = PBXBuildFile; fileRef = 85E5B0E6E687AECB4665791D /* LLMServiceProtocol.swift */; };
		E97B3343E73C642F94BDA4F0 /* FullCardView.swift in Sources */ = {isa = PBXBuildFile; fileRef = 3EFAFFE40EA60C98C8692AC5 /* FullCardView.swift */; };
		F415CDC0804097AA710A1645 /* ArxivAPIServiceTests.swift in Sources */ = {isa = PBXBuildFile; fileRef = 095203D2C10DFAC6D4665FB8 /* ArxivAPIServiceTests.swift */; };
		F77737AD2ABB3E7916270149 /* HTTPClient.swift in Sources */ = {isa = PBXBuildFile; fileRef = 909274F3E51FBF9983C13EC0 /* HTTPClient.swift */; };
		F86F6EE1E7A719A4AB042B3C /* CompactCardView.swift in Sources */ = {isa = PBXBuildFile; fileRef = F6FBD17D93308BCEF6EC6E3D /* CompactCardView.swift */; };
		FE770C59F6EB6DBCA8565D46 /* Doc2xServiceTests.swift in Sources */ = {isa = PBXBuildFile; fileRef = B360570A7DB2162E65557A7F /* Doc2xServiceTests.swift */; };
		FFCB0C801E72C4A60A34485B /* SearchViewModel.swift in Sources */ = {isa = PBXBuildFile; fileRef = 1937ED4872B84E155B67514F /* SearchViewModel.swift */; };
/* End PBXBuildFile section */

/* Begin PBXContainerItemProxy section */
		4BF9043CF75FB54FB3DA97F4 /* PBXContainerItemProxy */ = {
			isa = PBXContainerItemProxy;
			containerPortal = 4206154F8D18635F2B2A0C2E /* Project object */;
			proxyType = 1;
			remoteGlobalIDString = A9725CD0CB00410732AB815F;
			remoteInfo = ArxivLearner;
		};
/* End PBXContainerItemProxy section */

/* Begin PBXFileReference section */
		065F2DF56DA3E527C8566CF8 /* LibraryViewModel.swift */ = {isa = PBXFileReference; lastKnownFileType = sourcecode.swift; path = LibraryViewModel.swift; sourceTree = "<group>"; };
		095203D2C10DFAC6D4665FB8 /* ArxivAPIServiceTests.swift */ = {isa = PBXFileReference; lastKnownFileType = sourcecode.swift; path = ArxivAPIServiceTests.swift; sourceTree = "<group>"; };
		0FD88F2EFC9C4767773D18BB /* ArxivLearnerApp.swift */ = {isa = PBXFileReference; lastKnownFileType = sourcecode.swift; path = ArxivLearnerApp.swift; sourceTree = "<group>"; };
		1202F6C0DA2AF3709AF0DD94 /* LLMProviderModel.swift */ = {isa = PBXFileReference; lastKnownFileType = sourcecode.swift; path = LLMProviderModel.swift; sourceTree = "<group>"; };
		1937ED4872B84E155B67514F /* SearchViewModel.swift */ = {isa = PBXFileReference; lastKnownFileType = sourcecode.swift; path = SearchViewModel.swift; sourceTree = "<group>"; };
		19FED941188153A73CAC30B0 /* PDFCacheManagerTests.swift */ = {isa = PBXFileReference; lastKnownFileType = sourcecode.swift; path = PDFCacheManagerTests.swift; sourceTree = "<group>"; };
		1FE0F398A227C23C119873BF /* ArxivLearner.app */ = {isa = PBXFileReference; includeInIndex = 0; lastKnownFileType = wrapper.application; path = ArxivLearner.app; sourceTree = BUILT_PRODUCTS_DIR; };
		2A97E9FC37C75CE290440866 /* ArxivLearnerTests.swift */ = {isa = PBXFileReference; lastKnownFileType = sourcecode.swift; path = ArxivLearnerTests.swift; sourceTree = "<group>"; };
		2F991C00607B68FE3B3A960D /* Doc2xService.swift */ = {isa = PBXFileReference; lastKnownFileType = sourcecode.swift; path = Doc2xService.swift; sourceTree = "<group>"; };
		34C68DD653BC3375B422B346 /* SettingsView.swift */ = {isa = PBXFileReference; lastKnownFileType = sourcecode.swift; path = SettingsView.swift; sourceTree = "<group>"; };
		3EFAFFE40EA60C98C8692AC5 /* FullCardView.swift */ = {isa = PBXFileReference; lastKnownFileType = sourcecode.swift; path = FullCardView.swift; sourceTree = "<group>"; };
		4D1B4501513B94D6D992AD66 /* ContentView.swift */ = {isa = PBXFileReference; lastKnownFileType = sourcecode.swift; path = ContentView.swift; sourceTree = "<group>"; };
		5C5A0127C6BDA9497E15A6F8 /* AppTheme.swift */ = {isa = PBXFileReference; lastKnownFileType = sourcecode.swift; path = AppTheme.swift; sourceTree = "<group>"; };
		5DF410C017076FFDE8F3BB46 /* TagChip.swift */ = {isa = PBXFileReference; lastKnownFileType = sourcecode.swift; path = TagChip.swift; sourceTree = "<group>"; };
		6083847B99CF1763459FF65C /* ContextBuilder.swift */ = {isa = PBXFileReference; lastKnownFileType = sourcecode.swift; path = ContextBuilder.swift; sourceTree = "<group>"; };
		66188D4A9D504A4E9F2699C0 /* InsightViewModel.swift */ = {isa = PBXFileReference; lastKnownFileType = sourcecode.swift; path = InsightViewModel.swift; sourceTree = "<group>"; };
		685CC9CF7E58BB5B15D349F8 /* ArxivAPIService.swift */ = {isa = PBXFileReference; lastKnownFileType = sourcecode.swift; path = ArxivAPIService.swift; sourceTree = "<group>"; };
		70F5F61ECAB392F1CD876A2C /* SearchViewModelTests.swift */ = {isa = PBXFileReference; lastKnownFileType = sourcecode.swift; path = SearchViewModelTests.swift; sourceTree = "<group>"; };
		7BBEAD1204DE789C8322F491 /* PDFCacheManager.swift */ = {isa = PBXFileReference; lastKnownFileType = sourcecode.swift; path = PDFCacheManager.swift; sourceTree = "<group>"; };
		85E5B0E6E687AECB4665791D /* LLMServiceProtocol.swift */ = {isa = PBXFileReference; lastKnownFileType = sourcecode.swift; path = LLMServiceProtocol.swift; sourceTree = "<group>"; };
		8791C6873CBCD56649D08563 /* Info.plist */ = {isa = PBXFileReference; lastKnownFileType = text.plist; path = Info.plist; sourceTree = "<group>"; };
		890AAC23C58C1EE2847A173D /* LLMServiceTests.swift */ = {isa = PBXFileReference; lastKnownFileType = sourcecode.swift; path = LLMServiceTests.swift; sourceTree = "<group>"; };
		8E7A30C5140A541FE244A43E /* OpenAICompatibleService.swift */ = {isa = PBXFileReference; lastKnownFileType = sourcecode.swift; path = OpenAICompatibleService.swift; sourceTree = "<group>"; };
		909274F3E51FBF9983C13EC0 /* HTTPClient.swift */ = {isa = PBXFileReference; lastKnownFileType = sourcecode.swift; path = HTTPClient.swift; sourceTree = "<group>"; };
		98CD81EDE35ACD7EE719630C /* PaperTests.swift */ = {isa = PBXFileReference; lastKnownFileType = sourcecode.swift; path = PaperTests.swift; sourceTree = "<group>"; };
		A00617EAC1306F4C93463620 /* KeychainService.swift */ = {isa = PBXFileReference; lastKnownFileType = sourcecode.swift; path = KeychainService.swift; sourceTree = "<group>"; };
		A4630C7993F2B34451FACC59 /* ArxivLearnerTests.xctest */ = {isa = PBXFileReference; includeInIndex = 0; lastKnownFileType = wrapper.cfbundle; path = ArxivLearnerTests.xctest; sourceTree = BUILT_PRODUCTS_DIR; };
		B360570A7DB2162E65557A7F /* Doc2xServiceTests.swift */ = {isa = PBXFileReference; lastKnownFileType = sourcecode.swift; path = Doc2xServiceTests.swift; sourceTree = "<group>"; };
		B8820DABF365916A5A823923 /* SearchView.swift */ = {isa = PBXFileReference; lastKnownFileType = sourcecode.swift; path = SearchView.swift; sourceTree = "<group>"; };
		CEC1318E0FB574F61E842384 /* KeychainServiceTests.swift */ = {isa = PBXFileReference; lastKnownFileType = sourcecode.swift; path = KeychainServiceTests.swift; sourceTree = "<group>"; };
		CF895D45FF18A790E8FF1406 /* PDFReaderView.swift */ = {isa = PBXFileReference; lastKnownFileType = sourcecode.swift; path = PDFReaderView.swift; sourceTree = "<group>"; };
		D76E7E134A182398D8F91FA8 /* ChatMessage.swift */ = {isa = PBXFileReference; lastKnownFileType = sourcecode.swift; path = ChatMessage.swift; sourceTree = "<group>"; };
		DA733BCE76DA06A829CC3012 /* CardFlipModifier.swift */ = {isa = PBXFileReference; lastKnownFileType = sourcecode.swift; path = CardFlipModifier.swift; sourceTree = "<group>"; };
		DBE388DA11A599100D862F64 /* Paper.swift */ = {isa = PBXFileReference; lastKnownFileType = sourcecode.swift; path = Paper.swift; sourceTree = "<group>"; };
		E1F5D074FB0A65580A81A1BE /* PDFReaderViewModel.swift */ = {isa = PBXFileReference; lastKnownFileType = sourcecode.swift; path = PDFReaderViewModel.swift; sourceTree = "<group>"; };
		E300B592230982F789C58A70 /* LoadingOverlay.swift */ = {isa = PBXFileReference; lastKnownFileType = sourcecode.swift; path = LoadingOverlay.swift; sourceTree = "<group>"; };
		F6FBD17D93308BCEF6EC6E3D /* CompactCardView.swift */ = {isa = PBXFileReference; lastKnownFileType = sourcecode.swift; path = CompactCardView.swift; sourceTree = "<group>"; };
		F96CBEDBA7E54BC872FB15D6 /* LibraryView.swift */ = {isa = PBXFileReference; lastKnownFileType = sourcecode.swift; path = LibraryView.swift; sourceTree = "<group>"; };
/* End PBXFileReference section */

/* Begin PBXGroup section */
		1A05CE1431F60B21F7FB33D8 /* Core */ = {
			isa = PBXGroup;
			children = (
				482CF52812DA34D3BD4524BE /* Keychain */,
				AEE1A2A0192AA3169A1D31E0 /* LLM */,
				322D33DA5468C10F8B241E1A /* Network */,
				951135AB8D5FC641E425D27C /* Services */,
				DC11E3083B22CB59EDE07EF3 /* Storage */,
			);
			path = Core;
			sourceTree = "<group>";
		};
		1A65C748E34C2F83D9D91325 /* App */ = {
			isa = PBXGroup;
			children = (
				0FD88F2EFC9C4767773D18BB /* ArxivLearnerApp.swift */,
				4D1B4501513B94D6D992AD66 /* ContentView.swift */,
			);
			path = App;
			sourceTree = "<group>";
		};
		227D2066CEA4D0B91E735AD7 /* ArxivLearner */ = {
			isa = PBXGroup;
			children = (
				1A65C748E34C2F83D9D91325 /* App */,
				1A05CE1431F60B21F7FB33D8 /* Core */,
				8E9054C9865C166FB02A3DF1 /* Features */,
				BB03BD59FB236E9D977ED933 /* Shared */,
				8791C6873CBCD56649D08563 /* Info.plist */,
			);
			path = ArxivLearner;
			sourceTree = "<group>";
		};
		26F82FBFAC2755077CBA3DBC /* Search */ = {
			isa = PBXGroup;
			children = (
				B8820DABF365916A5A823923 /* SearchView.swift */,
				1937ED4872B84E155B67514F /* SearchViewModel.swift */,
			);
			path = Search;
			sourceTree = "<group>";
		};
		27868752CFAE781046835151 /* Theme */ = {
			isa = PBXGroup;
			children = (
				5C5A0127C6BDA9497E15A6F8 /* AppTheme.swift */,
			);
			path = Theme;
			sourceTree = "<group>";
		};
		2D3FAE1F44E39D5255B180D3 /* Services */ = {
			isa = PBXGroup;
			children = (
				095203D2C10DFAC6D4665FB8 /* ArxivAPIServiceTests.swift */,
				B360570A7DB2162E65557A7F /* Doc2xServiceTests.swift */,
				CEC1318E0FB574F61E842384 /* KeychainServiceTests.swift */,
				890AAC23C58C1EE2847A173D /* LLMServiceTests.swift */,
				19FED941188153A73CAC30B0 /* PDFCacheManagerTests.swift */,
			);
			path = Services;
			sourceTree = "<group>";
		};
		322D33DA5468C10F8B241E1A /* Network */ = {
			isa = PBXGroup;
			children = (
				685CC9CF7E58BB5B15D349F8 /* ArxivAPIService.swift */,
				909274F3E51FBF9983C13EC0 /* HTTPClient.swift */,
			);
			path = Network;
			sourceTree = "<group>";
		};
		3418309448F4180D325E930F /* Models */ = {
			isa = PBXGroup;
			children = (
				98CD81EDE35ACD7EE719630C /* PaperTests.swift */,
			);
			path = Models;
			sourceTree = "<group>";
		};
		482CF52812DA34D3BD4524BE /* Keychain */ = {
			isa = PBXGroup;
			children = (
				A00617EAC1306F4C93463620 /* KeychainService.swift */,
			);
			path = Keychain;
			sourceTree = "<group>";
		};
		5B337F83B18E223E0239CEED /* Components */ = {
			isa = PBXGroup;
			children = (
				E300B592230982F789C58A70 /* LoadingOverlay.swift */,
				5DF410C017076FFDE8F3BB46 /* TagChip.swift */,
			);
			path = Components;
			sourceTree = "<group>";
		};
		614FF696F5D7363AFE12FBA9 /* ViewModels */ = {
			isa = PBXGroup;
			children = (
				70F5F61ECAB392F1CD876A2C /* SearchViewModelTests.swift */,
			);
			path = ViewModels;
			sourceTree = "<group>";
		};
		63D051DCD6D2F67F137EC178 /* Library */ = {
			isa = PBXGroup;
			children = (
				F96CBEDBA7E54BC872FB15D6 /* LibraryView.swift */,
				065F2DF56DA3E527C8566CF8 /* LibraryViewModel.swift */,
			);
			path = Library;
			sourceTree = "<group>";
		};
		6A80D72147678D645D2BBD36 /* Cards */ = {
			isa = PBXGroup;
			children = (
				DA733BCE76DA06A829CC3012 /* CardFlipModifier.swift */,
				F6FBD17D93308BCEF6EC6E3D /* CompactCardView.swift */,
				3EFAFFE40EA60C98C8692AC5 /* FullCardView.swift */,
				66188D4A9D504A4E9F2699C0 /* InsightViewModel.swift */,
			);
			path = Cards;
			sourceTree = "<group>";
		};
		75736CC3D9E51C2F3F0FB609 /* Products */ = {
			isa = PBXGroup;
			children = (
				1FE0F398A227C23C119873BF /* ArxivLearner.app */,
				A4630C7993F2B34451FACC59 /* ArxivLearnerTests.xctest */,
			);
			name = Products;
			sourceTree = "<group>";
		};
		8E9054C9865C166FB02A3DF1 /* Features */ = {
			isa = PBXGroup;
			children = (
				6A80D72147678D645D2BBD36 /* Cards */,
				63D051DCD6D2F67F137EC178 /* Library */,
				B26C53A4D99DA7521B3A3FA2 /* Reader */,
				26F82FBFAC2755077CBA3DBC /* Search */,
				F2592D4321972F2544A51998 /* Settings */,
			);
			path = Features;
			sourceTree = "<group>";
		};
		951135AB8D5FC641E425D27C /* Services */ = {
			isa = PBXGroup;
			children = (
				2F991C00607B68FE3B3A960D /* Doc2xService.swift */,
			);
			path = Services;
			sourceTree = "<group>";
		};
		AEE1A2A0192AA3169A1D31E0 /* LLM */ = {
			isa = PBXGroup;
			children = (
				6083847B99CF1763459FF65C /* ContextBuilder.swift */,
				85E5B0E6E687AECB4665791D /* LLMServiceProtocol.swift */,
				8E7A30C5140A541FE244A43E /* OpenAICompatibleService.swift */,
			);
			path = LLM;
			sourceTree = "<group>";
		};
		B26C53A4D99DA7521B3A3FA2 /* Reader */ = {
			isa = PBXGroup;
			children = (
				CF895D45FF18A790E8FF1406 /* PDFReaderView.swift */,
				E1F5D074FB0A65580A81A1BE /* PDFReaderViewModel.swift */,
			);
			path = Reader;
			sourceTree = "<group>";
		};
		BB03BD59FB236E9D977ED933 /* Shared */ = {
			isa = PBXGroup;
			children = (
				5B337F83B18E223E0239CEED /* Components */,
				27868752CFAE781046835151 /* Theme */,
			);
			path = Shared;
			sourceTree = "<group>";
		};
		DC11E3083B22CB59EDE07EF3 /* Storage */ = {
			isa = PBXGroup;
			children = (
				E1171EC7B0AD2FBC70346F8F /* Models */,
				7BBEAD1204DE789C8322F491 /* PDFCacheManager.swift */,
			);
			path = Storage;
			sourceTree = "<group>";
		};
		E1171EC7B0AD2FBC70346F8F /* Models */ = {
			isa = PBXGroup;
			children = (
				D76E7E134A182398D8F91FA8 /* ChatMessage.swift */,
				1202F6C0DA2AF3709AF0DD94 /* LLMProviderModel.swift */,
				DBE388DA11A599100D862F64 /* Paper.swift */,
			);
			path = Models;
			sourceTree = "<group>";
		};
		F2592D4321972F2544A51998 /* Settings */ = {
			isa = PBXGroup;
			children = (
				34C68DD653BC3375B422B346 /* SettingsView.swift */,
			);
			path = Settings;
			sourceTree = "<group>";
		};
		F2E596F382899967327FCEB5 = {
			isa = PBXGroup;
			children = (
				227D2066CEA4D0B91E735AD7 /* ArxivLearner */,
				F49E718AB337C86318325BFD /* ArxivLearnerTests */,
				75736CC3D9E51C2F3F0FB609 /* Products */,
			);
			sourceTree = "<group>";
		};
		F49E718AB337C86318325BFD /* ArxivLearnerTests */ = {
			isa = PBXGroup;
			children = (
				3418309448F4180D325E930F /* Models */,
				2D3FAE1F44E39D5255B180D3 /* Services */,
				614FF696F5D7363AFE12FBA9 /* ViewModels */,
				2A97E9FC37C75CE290440866 /* ArxivLearnerTests.swift */,
			);
			path = ArxivLearnerTests;
			sourceTree = "<group>";
		};
/* End PBXGroup section */

/* Begin PBXNativeTarget section */
		99DDC00CA84134CFA3B4EDF4 /* ArxivLearnerTests */ = {
			isa = PBXNativeTarget;
			buildConfigurationList = 3B027B9A3B44D27B5134A3BD /* Build configuration list for PBXNativeTarget "ArxivLearnerTests" */;
			buildPhases = (
				7EC28BD40E7629CB8319C89B /* Sources */,
			);
			buildRules = (
			);
			dependencies = (
				EE418605DD35C1D5446ECF3F /* PBXTargetDependency */,
			);
			name = ArxivLearnerTests;
			packageProductDependencies = (
			);
			productName = ArxivLearnerTests;
			productReference = A4630C7993F2B34451FACC59 /* ArxivLearnerTests.xctest */;
			productType = "com.apple.product-type.bundle.unit-test";
		};
		A9725CD0CB00410732AB815F /* ArxivLearner */ = {
			isa = PBXNativeTarget;
			buildConfigurationList = 9B8384137D0623D14F6D1087 /* Build configuration list for PBXNativeTarget "ArxivLearner" */;
			buildPhases = (
				77EBD1DF90B475203D76DF65 /* Sources */,
			);
			buildRules = (
			);
			dependencies = (
			);
			name = ArxivLearner;
			packageProductDependencies = (
			);
			productName = ArxivLearner;
			productReference = 1FE0F398A227C23C119873BF /* ArxivLearner.app */;
			productType = "com.apple.product-type.application";
		};
/* End PBXNativeTarget section */

/* Begin PBXProject section */
		4206154F8D18635F2B2A0C2E /* Project object */ = {
			isa = PBXProject;
			attributes = {
				BuildIndependentTargetsInParallel = YES;
				LastUpgradeCheck = 1500;
				TargetAttributes = {
					A9725CD0CB00410732AB815F = {
						ProvisioningStyle = Automatic;
					};
				};
			};
			buildConfigurationList = 995ED86BD60E0037822021F0 /* Build configuration list for PBXProject "ArxivLearner" */;
			compatibilityVersion = "Xcode 14.0";
			developmentRegion = en;
			hasScannedForEncodings = 0;
			knownRegions = (
				Base,
				en,
			);
			mainGroup = F2E596F382899967327FCEB5;
			minimizedProjectReferenceProxies = 1;
			preferredProjectObjectVersion = 77;
			projectDirPath = "";
			projectRoot = "";
			targets = (
				A9725CD0CB00410732AB815F /* ArxivLearner */,
				99DDC00CA84134CFA3B4EDF4 /* ArxivLearnerTests */,
			);
		};
/* End PBXProject section */

/* Begin PBXSourcesBuildPhase section */
		77EBD1DF90B475203D76DF65 /* Sources */ = {
			isa = PBXSourcesBuildPhase;
			buildActionMask = 2147483647;
			files = (
				345058AB883979BB97FFFA70 /* AppTheme.swift in Sources */,
				6B9D3BB8F853C6D2A9D097B6 /* ArxivAPIService.swift in Sources */,
				5670BBB69D23441D20160876 /* ArxivLearnerApp.swift in Sources */,
				66A7923F6F6649C5B29F7662 /* CardFlipModifier.swift in Sources */,
				977506AB538FC768339AA086 /* ChatMessage.swift in Sources */,
				F86F6EE1E7A719A4AB042B3C /* CompactCardView.swift in Sources */,
				B731D3613C7FF043B89F4CBB /* ContentView.swift in Sources */,
				900B8095BD5B3C9A72CA7FA0 /* ContextBuilder.swift in Sources */,
				63CE71A52F6BF3635A76D1A0 /* Doc2xService.swift in Sources */,
				E97B3343E73C642F94BDA4F0 /* FullCardView.swift in Sources */,
				F77737AD2ABB3E7916270149 /* HTTPClient.swift in Sources */,
				AD2E48ADE2DFDA412FBDC69C /* InsightViewModel.swift in Sources */,
				86F98131EF4E337D0A95918C /* KeychainService.swift in Sources */,
				30883E37FB3E33C2933F890A /* LLMProviderModel.swift in Sources */,
				E20A273F64F525CF82F3CB7E /* LLMServiceProtocol.swift in Sources */,
				94A94E4F003DB784B80E2624 /* LibraryView.swift in Sources */,
				957D09AEB6AAFE42C5E76D7C /* LibraryViewModel.swift in Sources */,
				0045D77F672837C7EB867DCD /* LoadingOverlay.swift in Sources */,
				9836575E15B860EE2633E542 /* OpenAICompatibleService.swift in Sources */,
				BA43F6F823E6764AEE722F20 /* PDFCacheManager.swift in Sources */,
				499A1836D74B4E2FA933D459 /* PDFReaderView.swift in Sources */,
				A949BD01878E68267EC542A8 /* PDFReaderViewModel.swift in Sources */,
				75BCB896E0610DABEA1C1366 /* Paper.swift in Sources */,
				85D5F9AB54CC6C8C84D3A7FD /* SearchView.swift in Sources */,
				FFCB0C801E72C4A60A34485B /* SearchViewModel.swift in Sources */,
				2F32DE1DEE3EBD88C489F256 /* SettingsView.swift in Sources */,
				B1827F65B42608DB6FA09D72 /* TagChip.swift in Sources */,
			);
			runOnlyForDeploymentPostprocessing = 0;
		};
		7EC28BD40E7629CB8319C89B /* Sources */ = {
			isa = PBXSourcesBuildPhase;
			buildActionMask = 2147483647;
			files = (
				F415CDC0804097AA710A1645 /* ArxivAPIServiceTests.swift in Sources */,
				9423E66A3C9ECF2D082680E6 /* ArxivLearnerTests.swift in Sources */,
				FE770C59F6EB6DBCA8565D46 /* Doc2xServiceTests.swift in Sources */,
				BCF4772E1D292C0AC68C33F2 /* KeychainServiceTests.swift in Sources */,
				671217A87953178E843688B7 /* LLMServiceTests.swift in Sources */,
				2880E8E44E89508977E87AB6 /* PDFCacheManagerTests.swift in Sources */,
				B0DEC8E58CB8758FFC670229 /* PaperTests.swift in Sources */,
				A71112C70AAE1FCDC414CB1F /* SearchViewModelTests.swift in Sources */,
			);
			runOnlyForDeploymentPostprocessing = 0;
		};
/* End PBXSourcesBuildPhase section */

/* Begin PBXTargetDependency section */
		EE418605DD35C1D5446ECF3F /* PBXTargetDependency */ = {
			isa = PBXTargetDependency;
			target = A9725CD0CB00410732AB815F /* ArxivLearner */;
			targetProxy = 4BF9043CF75FB54FB3DA97F4 /* PBXContainerItemProxy */;
		};
/* End PBXTargetDependency section */

/* Begin XCBuildConfiguration section */
		4803C726F5BAC31119646667 /* Release */ = {
			isa = XCBuildConfiguration;
			buildSettings = {
				ALWAYS_SEARCH_USER_PATHS = NO;
				CLANG_ANALYZER_NONNULL = YES;
				CLANG_ANALYZER_NUMBER_OBJECT_CONVERSION = YES_AGGRESSIVE;
				CLANG_CXX_LANGUAGE_STANDARD = "gnu++14";
				CLANG_CXX_LIBRARY = "libc++";
				CLANG_ENABLE_MODULES = YES;
				CLANG_ENABLE_OBJC_ARC = YES;
				CLANG_ENABLE_OBJC_WEAK = YES;
				CLANG_WARN_BLOCK_CAPTURE_AUTORELEASING = YES;
				CLANG_WARN_BOOL_CONVERSION = YES;
				CLANG_WARN_COMMA = YES;
				CLANG_WARN_CONSTANT_CONVERSION = YES;
				CLANG_WARN_DEPRECATED_OBJC_IMPLEMENTATIONS = YES;
				CLANG_WARN_DIRECT_OBJC_ISA_USAGE = YES_ERROR;
				CLANG_WARN_DOCUMENTATION_COMMENTS = YES;
				CLANG_WARN_EMPTY_BODY = YES;
				CLANG_WARN_ENUM_CONVERSION = YES;
				CLANG_WARN_INFINITE_RECURSION = YES;
				CLANG_WARN_INT_CONVERSION = YES;
				CLANG_WARN_NON_LITERAL_NULL_CONVERSION = YES;
				CLANG_WARN_OBJC_IMPLICIT_RETAIN_SELF = YES;
				CLANG_WARN_OBJC_LITERAL_CONVERSION = YES;
				CLANG_WARN_OBJC_ROOT_CLASS = YES_ERROR;
				CLANG_WARN_QUOTED_INCLUDE_IN_FRAMEWORK_HEADER = YES;
				CLANG_WARN_RANGE_LOOP_ANALYSIS = YES;
				CLANG_WARN_STRICT_PROTOTYPES = YES;
				CLANG_WARN_SUSPICIOUS_MOVE = YES;
				CLANG_WARN_UNGUARDED_AVAILABILITY = YES_AGGRESSIVE;
				CLANG_WARN_UNREACHABLE_CODE = YES;
				CLANG_WARN__DUPLICATE_METHOD_MATCH = YES;
				COPY_PHASE_STRIP = NO;
				DEBUG_INFORMATION_FORMAT = "dwarf-with-dsym";
				ENABLE_NS_ASSERTIONS = NO;
				ENABLE_STRICT_OBJC_MSGSEND = YES;
				GCC_C_LANGUAGE_STANDARD = gnu11;
				GCC_NO_COMMON_BLOCKS = YES;
				GCC_WARN_64_TO_32_BIT_CONVERSION = YES;
				GCC_WARN_ABOUT_RETURN_TYPE = YES_ERROR;
				GCC_WARN_UNDECLARED_SELECTOR = YES;
				GCC_WARN_UNINITIALIZED_AUTOS = YES_AGGRESSIVE;
				GCC_WARN_UNUSED_FUNCTION = YES;
				GCC_WARN_UNUSED_VARIABLE = YES;
				IPHONEOS_DEPLOYMENT_TARGET = 17.0;
				MTL_ENABLE_DEBUG_INFO = NO;
				MTL_FAST_MATH = YES;
				PRODUCT_NAME = "$(TARGET_NAME)";
				SDKROOT = iphoneos;
				SWIFT_COMPILATION_MODE = wholemodule;
				SWIFT_OPTIMIZATION_LEVEL = "-O";
				SWIFT_VERSION = 5.9;
				TARGETED_DEVICE_FAMILY = 1;
			};
			name = Release;
		};
		4D801C82FB263E63609B93D6 /* Release */ = {
			isa = XCBuildConfiguration;
			buildSettings = {
				BUNDLE_LOADER = "$(TEST_HOST)";
				LD_RUNPATH_SEARCH_PATHS = (
					"$(inherited)",
					"@executable_path/Frameworks",
					"@loader_path/Frameworks",
				);
				PRODUCT_BUNDLE_IDENTIFIER = com.arxivlearner.tests;
				SDKROOT = iphoneos;
				TARGETED_DEVICE_FAMILY = "1,2";
				TEST_HOST = "$(BUILT_PRODUCTS_DIR)/ArxivLearner.app/ArxivLearner";
			};
			name = Release;
		};
		766DAAFB5349FDC838372B7A /* Release */ = {
			isa = XCBuildConfiguration;
			buildSettings = {
				ASSETCATALOG_COMPILER_APPICON_NAME = AppIcon;
				CODE_SIGN_IDENTITY = "iPhone Developer";
				CODE_SIGN_STYLE = Automatic;
				INFOPLIST_FILE = ArxivLearner/Info.plist;
				LD_RUNPATH_SEARCH_PATHS = (
					"$(inherited)",
					"@executable_path/Frameworks",
				);
				PRODUCT_BUNDLE_IDENTIFIER = com.arxivlearner.app;
				SDKROOT = iphoneos;
				TARGETED_DEVICE_FAMILY = "1,2";
			};
			name = Release;
		};
		78DA68D5DB21B4A14BED9649 /* Debug */ = {
			isa = XCBuildConfiguration;
			buildSettings = {
				ASSETCATALOG_COMPILER_APPICON_NAME = AppIcon;
				CODE_SIGN_IDENTITY = "iPhone Developer";
				CODE_SIGN_STYLE = Automatic;
				INFOPLIST_FILE = ArxivLearner/Info.plist;
				LD_RUNPATH_SEARCH_PATHS = (
					"$(inherited)",
					"@executable_path/Frameworks",
				);
				PRODUCT_BUNDLE_IDENTIFIER = com.arxivlearner.app;
				SDKROOT = iphoneos;
				TARGETED_DEVICE_FAMILY = "1,2";
			};
			name = Debug;
		};
		B2B9816DCA181E0E320143F8 /* Debug */ = {
			isa = XCBuildConfiguration;
			buildSettings = {
				BUNDLE_LOADER = "$(TEST_HOST)";
				LD_RUNPATH_SEARCH_PATHS = (
					"$(inherited)",
					"@executable_path/Frameworks",
					"@loader_path/Frameworks",
				);
				PRODUCT_BUNDLE_IDENTIFIER = com.arxivlearner.tests;
				SDKROOT = iphoneos;
				TARGETED_DEVICE_FAMILY = "1,2";
				TEST_HOST = "$(BUILT_PRODUCTS_DIR)/ArxivLearner.app/ArxivLearner";
			};
			name = Debug;
		};
		B76B6B602F542A29014F2CCD /* Debug */ = {
			isa = XCBuildConfiguration;
			buildSettings = {
				ALWAYS_SEARCH_USER_PATHS = NO;
				CLANG_ANALYZER_NONNULL = YES;
				CLANG_ANALYZER_NUMBER_OBJECT_CONVERSION = YES_AGGRESSIVE;
				CLANG_CXX_LANGUAGE_STANDARD = "gnu++14";
				CLANG_CXX_LIBRARY = "libc++";
				CLANG_ENABLE_MODULES = YES;
				CLANG_ENABLE_OBJC_ARC = YES;
				CLANG_ENABLE_OBJC_WEAK = YES;
				CLANG_WARN_BLOCK_CAPTURE_AUTORELEASING = YES;
				CLANG_WARN_BOOL_CONVERSION = YES;
				CLANG_WARN_COMMA = YES;
				CLANG_WARN_CONSTANT_CONVERSION = YES;
				CLANG_WARN_DEPRECATED_OBJC_IMPLEMENTATIONS = YES;
				CLANG_WARN_DIRECT_OBJC_ISA_USAGE = YES_ERROR;
				CLANG_WARN_DOCUMENTATION_COMMENTS = YES;
				CLANG_WARN_EMPTY_BODY = YES;
				CLANG_WARN_ENUM_CONVERSION = YES;
				CLANG_WARN_INFINITE_RECURSION = YES;
				CLANG_WARN_INT_CONVERSION = YES;
				CLANG_WARN_NON_LITERAL_NULL_CONVERSION = YES;
				CLANG_WARN_OBJC_IMPLICIT_RETAIN_SELF = YES;
				CLANG_WARN_OBJC_LITERAL_CONVERSION = YES;
				CLANG_WARN_OBJC_ROOT_CLASS = YES_ERROR;
				CLANG_WARN_QUOTED_INCLUDE_IN_FRAMEWORK_HEADER = YES;
				CLANG_WARN_RANGE_LOOP_ANALYSIS = YES;
				CLANG_WARN_STRICT_PROTOTYPES = YES;
				CLANG_WARN_SUSPICIOUS_MOVE = YES;
				CLANG_WARN_UNGUARDED_AVAILABILITY = YES_AGGRESSIVE;
				CLANG_WARN_UNREACHABLE_CODE = YES;
				CLANG_WARN__DUPLICATE_METHOD_MATCH = YES;
				COPY_PHASE_STRIP = NO;
				DEBUG_INFORMATION_FORMAT = dwarf;
				ENABLE_STRICT_OBJC_MSGSEND = YES;
				ENABLE_TESTABILITY = YES;
				GCC_C_LANGUAGE_STANDARD = gnu11;
				GCC_DYNAMIC_NO_PIC = NO;
				GCC_NO_COMMON_BLOCKS = YES;
				GCC_OPTIMIZATION_LEVEL = 0;
				GCC_PREPROCESSOR_DEFINITIONS = (
					"$(inherited)",
					"DEBUG=1",
				);
				GCC_WARN_64_TO_32_BIT_CONVERSION = YES;
				GCC_WARN_ABOUT_RETURN_TYPE = YES_ERROR;
				GCC_WARN_UNDECLARED_SELECTOR = YES;
				GCC_WARN_UNINITIALIZED_AUTOS = YES_AGGRESSIVE;
				GCC_WARN_UNUSED_FUNCTION = YES;
				GCC_WARN_UNUSED_VARIABLE = YES;
				IPHONEOS_DEPLOYMENT_TARGET = 17.0;
				MTL_ENABLE_DEBUG_INFO = INCLUDE_SOURCE;
				MTL_FAST_MATH = YES;
				ONLY_ACTIVE_ARCH = YES;
				PRODUCT_NAME = "$(TARGET_NAME)";
				SDKROOT = iphoneos;
				SWIFT_ACTIVE_COMPILATION_CONDITIONS = DEBUG;
				SWIFT_OPTIMIZATION_LEVEL = "-Onone";
				SWIFT_VERSION = 5.9;
				TARGETED_DEVICE_FAMILY = 1;
			};
			name = Debug;
		};
/* End XCBuildConfiguration section */

/* Begin XCConfigurationList section */
		3B027B9A3B44D27B5134A3BD /* Build configuration list for PBXNativeTarget "ArxivLearnerTests" */ = {
			isa = XCConfigurationList;
			buildConfigurations = (
				B2B9816DCA181E0E320143F8 /* Debug */,
				4D801C82FB263E63609B93D6 /* Release */,
			);
			defaultConfigurationIsVisible = 0;
			defaultConfigurationName = Debug;
		};
		995ED86BD60E0037822021F0 /* Build configuration list for PBXProject "ArxivLearner" */ = {
			isa = XCConfigurationList;
			buildConfigurations = (
				B76B6B602F542A29014F2CCD /* Debug */,
				4803C726F5BAC31119646667 /* Release */,
			);
			defaultConfigurationIsVisible = 0;
			defaultConfigurationName = Debug;
		};
		9B8384137D0623D14F6D1087 /* Build configuration list for PBXNativeTarget "ArxivLearner" */ = {
			isa = XCConfigurationList;
			buildConfigurations = (
				78DA68D5DB21B4A14BED9649 /* Debug */,
				766DAAFB5349FDC838372B7A /* Release */,
			);
			defaultConfigurationIsVisible = 0;
			defaultConfigurationName = Debug;
		};
/* End XCConfigurationList section */
	};
	rootObject = 4206154F8D18635F2B2A0C2E /* Project object */;
}
